
Microsoft Visual Studio Solution File, Format Version 12.00
# Visual Studio Version 16
VisualStudioVersion = 16.0.30114.105
MinimumVisualStudioVersion = 10.0.40219.1
Project("{FAE04EC0-301F-11D3-BF4B-00C04F79EFBC}") = "SpeechChatAnalytics", "SpeechChatAnalytics\SpeechChatAnalytics.csproj", "{2DC9DFD4-07B8-4ED1-A725-8E1D0B9863D4}"
EndProject
Global
	GlobalSection(SolutionConfigurationPlatforms) = preSolution
		Debug|Any CPU = Debug|Any CPU
		Release|Any CPU = Release|Any CPU
	EndGlobalSection
	GlobalSection(ProjectConfigurationPlatforms) = postSolution
		{2DC9DFD4-07B8-4ED1-A725-8E1D0B9863D4}.Debug|Any CPU.ActiveCfg = Debug|Any CPU
		{2DC9DFD4-07B8-4ED1-A725-8E1D0B9863D4}.Debug|Any CPU.Build.0 = Debug|Any CPU
		{2DC9DFD4-07B8-4ED1-A725-8E1D0B9863D4}.Release|Any CPU.ActiveCfg = Release|Any CPU
		{2DC9DFD4-07B8-4ED1-A725-8E1D0B9863D4}.Release|Any CPU.Build.0 = Release|Any CPU
	EndGlobalSection
	GlobalSection(SolutionProperties) = preSolution
		HideSolutionNode = FALSE
	EndGlobalSection
	GlobalSection(ExtensibilityGlobals) = postSolution
		SolutionGuid = {9F129D29-D51C-48AB-AF7B-099C05CE793A}
	EndGlobalSection
EndGlobal
